
Microsoft Visual Studio Solution File, Format Version 12.00
# Visual Studio Version 17
VisualStudioVersion = 17.5.33627.172
MinimumVisualStudioVersion = 10.0.40219.1
Project("{FAE04EC0-301F-11D3-BF4B-00C04F79EFBC}") = "AppWebLogisticaMoreno", "AppWebLogisticaMoreno\AppWebLogisticaMoreno.csproj", "{C64BAE42-A40F-49FE-8A78-F20ECA60DA79}"
EndProject
Global
	GlobalSection(SolutionConfigurationPlatforms) = preSolution
		Debug|Any CPU = Debug|Any CPU
		Release|Any CPU = Release|Any CPU
	EndGlobalSection
	GlobalSection(ProjectConfigurationPlatforms) = postSolution
		{C64BAE42-A40F-49FE-8A78-F20ECA60DA79}.Debug|Any CPU.ActiveCfg = Debug|Any CPU
		{C64BAE42-A40F-49FE-8A78-F20ECA60DA79}.Debug|Any CPU.Build.0 = Debug|Any CPU
		{C64BAE42-A40F-49FE-8A78-F20ECA60DA79}.Release|Any CPU.ActiveCfg = Release|Any CPU
		{C64BAE42-A40F-49FE-8A78-F20ECA60DA79}.Release|Any CPU.Build.0 = Release|Any CPU
	EndGlobalSection
	GlobalSection(SolutionProperties) = preSolution
		HideSolutionNode = FALSE
	EndGlobalSection
	GlobalSection(ExtensibilityGlobals) = postSolution
		SolutionGuid = {D8CF5237-7195-4E63-9636-DB3C872608FF}
	EndGlobalSection
EndGlobal
